#MicroXplorer Configuration settings - do not modify
PF7.GPIOParameters=GPIO_Label
PB13.GPIOParameters=GPIO_Label
PD12.GPIO_Label=BAMOCAR_IN1
PC7.GPIOParameters=GPIO_Label
RCC.USART1Freq_Value=108000000
USART2.IPParameters=VirtualMode-Asynchronous,BaudRate
PE11.GPIOParameters=GPIO_Label
VP_ADC1_TempSens_Input.Mode=IN-TempSens
PC12.Locked=true
PG4.Signal=GPIO_Input
PG8.Signal=GPIO_Input
PG4.Locked=true
PG8.Locked=true
ADC1.SamplingTime-6\#ChannelRegularConversion=ADC_SAMPLETIME_28CYCLES
RCC.PLLCLKFreq_Value=216000000
PG0.Locked=true
PC12.Signal=GPIO_Analog
PB14.GPIO_Label=GREEN_LED
PG6.GPIO_Label=GRA2
RCC.PLLQCLKFreq_Value=216000000
PG0.Signal=GPIO_Input
PG3.GPIOParameters=GPIO_Label
PC7.Locked=true
PD3.GPIOParameters=GPIO_Label
PD8.Locked=true
PC6.GPIO_Label=SD_SW
PC3.Locked=true
PA3.GPIOParameters=GPIO_Label
PA6.GPIO_Label=SENSE_GAS
PB6.GPIO_Label=CAN2_RX
PD0.Locked=true
PD4.Locked=true
PD2.GPIOParameters=GPIO_Label
PG14.GPIOParameters=GPIO_Label
PB13.Signal=GPIO_Output
PD6.GPIO_Label=DEBUG_UART2RX
PG13.Signal=GPIO_Output
PA2.GPIOParameters=GPIO_Label
PG2.GPIOParameters=GPIO_Label
PinOutPanel.RotationAngle=0
PF6.GPIO_Label=SPI5_CS
PE6.GPIO_Label=BUTTON2
ADC1.Channel-8\#ChannelRegularConversion=ADC_CHANNEL_8
PC3.GPIO_Speed=GPIO_SPEED_FREQ_HIGH
RCC.SYSCLKSource=RCC_SYSCLKSOURCE_PLLCLK
RCC.LPTIM1Freq_Value=54000000
NVIC.SVCall_IRQn=true\:0\:0\:false\:false\:true\:false\:false
PD15.GPIOParameters=GPIO_Label
PG15.GPIO_Label=FAN1
ADC1.Channel-5\#ChannelRegularConversion=ADC_CHANNEL_3
PF7.Signal=GPIO_Analog
RCC.LCDTFTFreq_Value=48000000
RCC.I2C4Freq_Value=54000000
PD4.Signal=GPIO_Input
RCC.APB2TimFreq_Value=108000000
PB6.Signal=GPIO_Analog
ADC1.Channel-2\#ChannelRegularConversion=ADC_CHANNEL_4
PC7.Signal=GPIO_Input
ADC1.InjNumberOfConversion=0
PH1/OSC_OUT.Signal=RCC_OSC_OUT
PC3.Signal=GPIO_Output
PD0.Signal=GPIO_Analog
RCC.SAI2Freq_Value=96000000
PD8.Signal=GPIO_Input
PE5.Signal=GPIO_Input
PE10.Locked=true
PE1.Signal=GPIO_Output
PB13.Locked=true
PE14.Locked=true
RCC.USART3Freq_Value=54000000
RCC.PLLSAIRCLKFreq_Value=96000000
ProjectManager.ProjectBuild=false
PG13.Locked=true
NVIC.UsageFault_IRQn=true\:0\:0\:false\:false\:true\:false\:false
PB2.Signal=GPIO_Output
PB3.Mode=Trace_Asynchronous_SW
PA8.Locked=true
PA4.Locked=true
PF1.GPIO_Label=ECON
PD1.GPIOParameters=GPIO_Label
PD1.GPIO_Label=CAN1_RX
PB12.GPIO_Label=F18
PH0/OSC_IN.Locked=true
PG1.GPIOParameters=GPIO_Label
ProjectManager.FirmwarePackage=STM32Cube FW_F7 V1.16.1
MxDb.Version=DB.6.0.21
PF12.GPIO_Label=BAMOCAR_OUT1
PB0.GPIOParameters=GPIO_Label
PE15.Locked=true
PE0.GPIOParameters=GPIO_Label
PA1.GPIOParameters=GPIO_Label
CAN3.Prescaler=6
ProjectManager.BackupPrevious=false
PC4.GPIO_Label=SENSE_DRUCK
PE9.Signal=GPIO_Input
PG12.GPIOParameters=GPIO_Label
PE9.Locked=true
PB1.GPIO_Label=SENSE_INFO
PH1/OSC_OUT.Locked=true
PE4.GPIO_Label=BC_DOWN_IN
PG4.GPIO_Label=ASR_IN1
PF13.Locked=true
PE2.Signal=GPIO_Output
PA8.Signal=CAN3_RX
PF2.Locked=true
PE1.Locked=true
SH.SharedAnalog_PB0.0=GPIO_Analog
PB6.Locked=true
NVIC.PendSV_IRQn=true\:0\:0\:false\:false\:true\:false\:false
CAN3.CalculateTimeQuantum=111.11111111111111
PF3.Signal=GPIO_Output
PE10.Signal=GPIO_Input
ProjectManager.HalAssertFull=false
ADC1.SamplingTime-0\#ChannelRegularConversion=ADC_SAMPLETIME_28CYCLES
RCC.MCO2PinFreq_Value=216000000
PC8.GPIOParameters=GPIO_Label
SH.SharedAnalog_PB0.1=ADC1_IN8,IN8
Mcu.Package=LQFP144
PB9.Signal=GPIO_Analog
PF8.GPIOParameters=GPIO_Label
PB1.Signal=SharedAnalog_PB1
PA5.Locked=true
PD11.Locked=true
PG13.GPIOParameters=GPIO_Label
PG5.GPIOParameters=GPIO_Label
PE10.GPIOParameters=GPIO_Label
PD12.Signal=GPIO_Input
PA14.Locked=true
PD5.GPIOParameters=GPIO_Label
VP_SYS_VS_Systick.Signal=SYS_VS_Systick
PA10.Signal=GPIO_Input
PE12.GPIO_Label=BREMSE_NO
RCC.DFSDMFreq_Value=108000000
PA5.GPIOParameters=GPIO_Label
PF7.Locked=true
PB14.GPIOParameters=GPIO_Label
RCC.CECFreq_Value=32786.88524590164
PF14.Signal=GPIO_Output
RCC.APB1TimFreq_Value=108000000
NVIC.BusFault_IRQn=true\:0\:0\:false\:false\:true\:false\:false
SH.SharedAnalog_PA7.ConfNb=2
PB10.GPIOParameters=GPIO_Label
PE6.Locked=true
RCC.DFSDMAudioFreq_Value=96000000
SH.SharedAnalog_PB0.ConfNb=2
PE10.GPIO_Label=KUPPLUNG_NO
PD5.Locked=true
PA4.GPIO_Label=SENSE_KUEHLWASSER
PD15.Signal=GPIO_Output
ProjectManager.CustomerFirmwarePackage=
PC4.GPIOParameters=GPIO_Label
PF4.GPIOParameters=GPIO_Label
ADC1.Rank-4\#ChannelRegularConversion=5
RCC.PLLSAIQCLKFreq_Value=96000000
PG12.Signal=GPIO_Input
PA6.GPIOParameters=GPIO_Label
Mcu.Pin80=PA15
PD6.GPIOParameters=GPIO_Label
Mcu.Pin81=PC10
PA0/WKUP.GPIOParameters=GPIO_Label
RCC.PLLQoutputFreq_Value=216000000
ProjectManager.ProjectFileName=Motorsteuergeraet.ioc
ADC1.Rank-0\#ChannelRegularConversion=1
Mcu.Pin79=PA14
PD9.GPIO_Label=BREMSLICHT
PA15.GPIOParameters=GPIO_Label
Mcu.PinsNb=110
Mcu.Pin73=PA8
PC11.Locked=true
Mcu.Pin74=PA9
Mcu.Pin71=PC8
Mcu.Pin72=PC9
ADC1.IPParameters=Rank-0\#ChannelRegularConversion,master,Channel-0\#ChannelRegularConversion,SamplingTime-0\#ChannelRegularConversion,NbrOfConversionFlag,NbrOfConversion,Rank-1\#ChannelRegularConversion,Channel-1\#ChannelRegularConversion,SamplingTime-1\#ChannelRegularConversion,Rank-2\#ChannelRegularConversion,Channel-2\#ChannelRegularConversion,SamplingTime-2\#ChannelRegularConversion,Rank-3\#ChannelRegularConversion,Channel-3\#ChannelRegularConversion,SamplingTime-3\#ChannelRegularConversion,Rank-4\#ChannelRegularConversion,Channel-4\#ChannelRegularConversion,SamplingTime-4\#ChannelRegularConversion,Rank-5\#ChannelRegularConversion,Channel-5\#ChannelRegularConversion,SamplingTime-5\#ChannelRegularConversion,Rank-6\#ChannelRegularConversion,Channel-6\#ChannelRegularConversion,SamplingTime-6\#ChannelRegularConversion,Rank-7\#ChannelRegularConversion,Channel-7\#ChannelRegularConversion,SamplingTime-7\#ChannelRegularConversion,Rank-8\#ChannelRegularConversion,Channel-8\#ChannelRegularConversion,SamplingTime-8\#ChannelRegularConversion,Rank-9\#ChannelRegularConversion,Channel-9\#ChannelRegularConversion,SamplingTime-9\#ChannelRegularConversion,InjNumberOfConversion,ClockPrescaler
PC13.Locked=true
PG5.Locked=true
Mcu.Pin77=PA12
PG9.Locked=true
PG5.Signal=GPIO_Input
Mcu.Pin78=PA13
Mcu.Pin75=PA10
PG9.Signal=GPIO_Output
PC13.Signal=GPIO_Output
PG3.Locked=true
PA9.GPIO_Label=OUTA
Mcu.Pin76=PA11
PD3.Signal=GPIO_Output
Mcu.Pin70=PC7
PC6.Signal=GPIO_Analog
SH.SharedAnalog_PC4.ConfNb=2
PB11.GPIO_Label=F54
PD13.GPIOParameters=GPIO_Label
PD7.Signal=GPIO_Output
PD1.Signal=GPIO_Analog
PA11.GPIO_Label=BC_UP_IN
PF14.GPIO_Label=J317
Mcu.Pin68=PG8
Mcu.Pin69=PC6
RCC.UART8Freq_Value=54000000
PB14.Locked=true
RCC.APB1CLKDivider=RCC_HCLK_DIV2
PC11.GPIOParameters=GPIO_Label
PD6.Mode=Asynchronous
PF13.GPIO_Label=BAMOCAR_OUT2
Mcu.Pin62=PG2
PG14.Locked=true
Mcu.Pin63=PG3
PG13.GPIO_Label=PUMPE_KUEHLUNG
Mcu.Pin60=PD14
USART2.BaudRate=9600
Mcu.Pin61=PD15
Mcu.Pin66=PG6
Mcu.Pin67=PG7
Mcu.Pin64=PG4
Mcu.Pin65=PG5
PG10.Signal=GPIO_Output
ADC1.Channel-7\#ChannelRegularConversion=ADC_CHANNEL_TEMPSENSOR
PF8.GPIO_Label=SPI5_MISO
PG10.Locked=true
PC3.GPIOParameters=GPIO_Speed,PinState,GPIO_Label
PD10.Signal=GPIO_Input
PB8.GPIO_Label=I2C1_SCL
PA11.Locked=true
PA15.Locked=true
PA8.GPIO_Label=ACAN_RX
Mcu.Pin59=PD13
SH.SharedAnalog_PA7.1=ADC1_IN7,IN7
Mcu.Pin57=PD11
Mcu.Pin58=PD12
Mcu.Pin51=PB13
RCC.USART6Freq_Value=108000000
Mcu.Pin52=PB14
Mcu.Pin50=PB12
Mcu.Pin55=PD9
SH.SharedAnalog_PA7.0=GPIO_Analog
Mcu.Pin56=PD10
Mcu.Pin53=PB15
PE8.GPIO_Label=KICKDOWN
Mcu.Pin54=PD8
PC6.Locked=true
PA9.Signal=GPIO_Input
PB11.GPIOParameters=GPIO_Label
PB5.Locked=true
PB9.Locked=true
PD7.Locked=true
PE9.GPIO_Label=LEERLAUF
Mcu.Pin48=PB10
Mcu.Pin49=PB11
Mcu.Pin46=PE14
Mcu.Pin47=PE15
PB10.Signal=GPIO_Input
PF3.GPIOParameters=GPIO_Label
PB14.Signal=GPIO_Output
PG6.GPIOParameters=GPIO_Label
PA5.Signal=SharedAnalog_PA5
Mcu.Pin40=PE8
Mcu.Pin41=PE9
PE13.GPIOParameters=GPIO_Label
Mcu.Pin44=PE12
Mcu.Pin45=PE13
Mcu.Pin42=PE10
Mcu.Pin43=PE11
PE1.GPIO_Label=DIGITAL2
ProjectManager.LastFirmware=true
PF2.GPIOParameters=GPIO_Label
CAN3.CalculateTimeBit=1999.99
PE14.Signal=GPIO_Input
PE15.Signal=GPIO_Output
Mcu.Pin37=PG0
PB4.GPIO_Label=HEATER2
Mcu.Pin38=PG1
Mcu.Pin35=PF14
PB15.GPIO_Label=ANLASSER
RCC.I2C1Freq_Value=54000000
Mcu.Pin36=PF15
PE8.Signal=GPIO_Input
RCC.PLLI2SPCLKFreq_Value=96000000
Mcu.Pin39=PE7
PG7.GPIO_Label=GRA3
RCC.RNGFreq_Value=216000000
PF4.GPIO_Label=BC_UP_OUT
VP_ADC1_TempSens_Input.Signal=ADC1_TempSens_Input
Mcu.Pin30=PB1
PA1.GPIO_Label=EMERGENCY_RUN
RCC.EthernetFreq_Value=216000000
PF11.Locked=true
PF12.Locked=true
Mcu.Pin33=PF12
PA0/WKUP.GPIO_Label=CRASH
Mcu.Pin34=PF13
Mcu.Pin31=PB2
Mcu.Pin32=PF11
PA9.Locked=true
NVIC.NonMaskableInt_IRQn=true\:0\:0\:false\:false\:true\:false\:false
RCC.AHBCLKDivider=RCC_SYSCLK_DIV2
PF13.Signal=GPIO_Output
PC10.GPIOParameters=GPIO_Label
ADC1.Rank-9\#ChannelRegularConversion=10
PE7.Locked=true
PA13.Mode=Trace_Asynchronous_SW
PG14.GPIO_Label=FAN2
ProjectManager.FreePins=true
PC9.GPIOParameters=GPIO_Label
PF9.GPIOParameters=GPIO_Label
RCC.PLLI2SQCLKFreq_Value=96000000
Mcu.Pin26=PA7
Mcu.Pin27=PC4
Mcu.Pin24=PA5
ProjectManager.UnderRoot=true
Mcu.Pin25=PA6
PE13.Locked=true
Mcu.Pin28=PC5
PC7.GPIO_Label=ENTER
Mcu.Pin29=PB0
PB4.Locked=true
PA4.Signal=SharedAnalog_PA4
PD14.GPIOParameters=GPIO_Label
ADC1.SamplingTime-1\#ChannelRegularConversion=ADC_SAMPLETIME_28CYCLES
Mcu.Pin22=PA3
PB5.Signal=GPIO_Analog
Mcu.Pin23=PA4
PG15.GPIOParameters=GPIO_Label
Mcu.Pin20=PA1
ADC1.master=1
PA3.Locked=true
Mcu.Pin21=PA2
PE13.GPIO_Label=SENSE_SDC_AKKU
PD10.Locked=true
PA5.GPIO_Label=SENSE_KLIMA_FLAP
PA10.Locked=true
NVIC.ForceEnableDMAVector=true
PD11.Signal=GPIO_Output
NVIC.MemoryManagement_IRQn=true\:0\:0\:false\:false\:true\:false\:false
PE5.GPIO_Label=DURCHFLUSS
PC12.GPIO_Label=SD_SCK
ProjectManager.CompilerOptimize=6
ADC1.Rank-1\#ChannelRegularConversion=2
PD15.Locked=true
PA11.Signal=GPIO_Input
ProjectManager.HeapSize=0x200
Mcu.Pin15=PF9
NVIC.HardFault_IRQn=true\:0\:0\:false\:false\:true\:false\:false
Mcu.Pin16=PH0/OSC_IN
Mcu.Pin13=PF7
Mcu.Pin14=PF8
PF8.Locked=true
Mcu.Pin19=PA0/WKUP
ADC1.SamplingTime-5\#ChannelRegularConversion=ADC_SAMPLETIME_28CYCLES
ProjectManager.ComputerToolchain=false
PF9.Signal=GPIO_Analog
Mcu.Pin17=PH1/OSC_OUT
Mcu.Pin18=PC3
NVIC.PriorityGroup=NVIC_PRIORITYGROUP_4
Mcu.Pin11=PF5
PF0.GPIO_Label=BUTTON1
Mcu.Pin12=PF6
PG0.GPIOParameters=GPIO_Label
PD0.GPIOParameters=GPIO_Label
Mcu.Pin10=PF4
Mcu.Pin109=VP_SYS_VS_Systick
SH.SharedAnalog_PA3.ConfNb=2
PE2.Locked=true
PE3.Signal=GPIO_Input
PC3.GPIO_Label=WS2812
PF3.Locked=true
Mcu.Pin105=PB9
PA8.Mode=CAN_Activate
Mcu.Pin106=PE0
Mcu.Pin107=PE1
PF4.Signal=GPIO_Output
Mcu.Pin108=VP_ADC1_TempSens_Input
ADC1.SamplingTime-9\#ChannelRegularConversion=ADC_SAMPLETIME_28CYCLES
PE12.GPIOParameters=GPIO_Label
SH.SharedAnalog_PC5.ConfNb=2
PG3.GPIO_Label=GENERATOR_LED
PD2.Signal=GPIO_Analog
RCC.I2C2Freq_Value=54000000
RCC.SDMMC2Freq_Value=216000000
PD1.Locked=true
PB0.Signal=SharedAnalog_PB0
PA7.GPIOParameters=GPIO_Label
ADC1.Rank-5\#ChannelRegularConversion=6
PB12.GPIOParameters=GPIO_Label
PG7.GPIOParameters=GPIO_Label
PD2.GPIO_Label=SD_CMD
PD7.GPIOParameters=GPIO_Label
PG10.GPIO_Label=BREMSWARNUNG
Mcu.Pin101=PB5
Mcu.Pin102=PB6
PG15.Locked=true
Mcu.Pin103=PB7
Mcu.Pin104=PB8
Mcu.Pin100=PB4
Mcu.Family=STM32F7
ProjectManager.MainLocation=Core/Src
RCC.SAI1Freq_Value=96000000
RCC.CortexFreq_Value=108000000
PG6.Signal=GPIO_Input
PG9.GPIOParameters=GPIO_Label
ProjectManager.KeepUserCode=true
Mcu.UserName=STM32F767ZITx
PD9.GPIOParameters=GPIO_Label
PG2.Signal=GPIO_Output
PE11.GPIO_Label=BREMSE_NC
PC10.Locked=true
PG6.Locked=true
SH.SharedAnalog_PA4.0=GPIO_Analog
SH.SharedAnalog_PA4.1=ADC1_IN4,IN4
PG2.Locked=true
PC10.Signal=GPIO_Analog
PC5.Locked=true
PF0.GPIOParameters=GPIO_Label
PA12.GPIOParameters=GPIO_Label
ProjectManager.functionlistsort=1-MX_GPIO_Init-GPIO-false-HAL-true,2-SystemClock_Config-RCC-false-HAL-false,3-MX_USART2_UART_Init-USART2-false-HAL-true,4-MX_CAN3_Init-CAN3-false-HAL-true,5-MX_ADC1_Init-ADC1-false-HAL-true,0-MX_CORTEX_M7_Init-CORTEX_M7-false-HAL-true
PA9.GPIOParameters=GPIO_Label
PA11.GPIOParameters=GPIO_Label
PD0.GPIO_Label=CAN1_TX
PA0/WKUP.Signal=GPIO_Input
PC9.Locked=true
PD6.Locked=true
PB0.GPIO_Label=SENSE_RETURN
RCC.PLLI2SRCLKFreq_Value=96000000
RCC.USART2Freq_Value=54000000
PD2.Locked=true
PC13.GPIO_Label=POWER_ON
PB13.GPIO_Label=KLIMA_OUT
PG5.GPIO_Label=GRA1
PB11.Signal=GPIO_Output
PB15.Signal=GPIO_Input
PF12.GPIOParameters=GPIO_Label
PG11.Signal=GPIO_Output
PG15.Signal=GPIO_Output
PE5.GPIOParameters=GPIO_Label
ProjectManager.StackSize=0x400
PC3.PinState=GPIO_PIN_RESET
PB5.GPIOParameters=GPIO_Label
RCC.I2C3Freq_Value=54000000
PD13.Signal=GPIO_Output
Mcu.IP4=RCC
RCC.FCLKCortexFreq_Value=108000000
Mcu.IP5=SYS
PD13.Locked=true
Mcu.IP2=CORTEX_M7
Mcu.IP3=NVIC
PA15.GPIO_Label=ACAN_TX
PB4.GPIOParameters=GPIO_Label
Mcu.IP0=ADC1
PA12.Locked=true
Mcu.IP1=CAN3
PA12.Signal=GPIO_Output
PE4.GPIOParameters=GPIO_Label
PF9.Locked=true
Mcu.UserConstants=
PF1.GPIOParameters=GPIO_Label
RCC.SDMMCFreq_Value=216000000
PF5.Locked=true
SH.SharedAnalog_PA3.0=GPIO_Analog
Mcu.ThirdPartyNb=0
ADC1.Channel-3\#ChannelRegularConversion=ADC_CHANNEL_5
PH0/OSC_IN.Mode=HSE-External-Oscillator
PD11.GPIO_Label=RUECKFAHRLICHT
RCC.HCLKFreq_Value=108000000
SH.SharedAnalog_PA3.1=ADC1_IN3,IN3
Mcu.IPNb=7
RCC.PLLI2SRoutputFreq_Value=96000000
ProjectManager.PreviousToolchain=
PF1.Locked=true
RCC.SPDIFRXFreq_Value=96000000
PF11.GPIO_Label=RECUPERATION
PG8.GPIOParameters=GPIO_Label
PA0/WKUP.Locked=true
SH.SharedAnalog_PA5.ConfNb=2
PF12.Signal=GPIO_Output
PD8.GPIOParameters=GPIO_Label
PA8.GPIOParameters=GPIO_Label
Mcu.Pin6=PF0
Mcu.Pin7=PF1
Mcu.Pin8=PF2
Mcu.Pin9=PF3
RCC.VCOSAIOutputFreq_Value=192000000
RCC.AHBFreq_Value=108000000
Mcu.Pin0=PE2
Mcu.Pin1=PE3
PD5.Mode=Asynchronous
GPIO.groupedBy=Group By Peripherals
Mcu.Pin2=PE4
CAN3.BS2=CAN_BS2_2TQ
Mcu.Pin3=PE5
Mcu.Pin4=PE6
PD10.GPIOParameters=GPIO_Label
Mcu.Pin5=PC13
CAN3.BS1=CAN_BS1_15TQ
ADC1.Channel-0\#ChannelRegularConversion=ADC_CHANNEL_14
RCC.HSE_VALUE=25000000
NVIC.DebugMonitor_IRQn=true\:0\:0\:false\:false\:true\:false\:false
USART2.VirtualMode-Asynchronous=VM_ASYNC
PA15.Mode=CAN_Activate
NVIC.SysTick_IRQn=true\:0\:0\:false\:false\:true\:false\:true
ADC1.SamplingTime-4\#ChannelRegularConversion=ADC_SAMPLETIME_28CYCLES
ADC1.Channel-6\#ChannelRegularConversion=ADC_CHANNEL_7
ADC1.Rank-2\#ChannelRegularConversion=3
PE13.Signal=GPIO_Input
PF7.GPIO_Label=SPI5_SCK
RCC.VCOInputFreq_Value=1000000
PA14.Mode=Trace_Asynchronous_SW
PE8.Locked=true
PF11.Signal=GPIO_Input
PC11.GPIO_Label=SD_D3
File.Version=6
PA10.GPIO_Label=OUTB
PE3.GPIOParameters=GPIO_Label
SH.SharedAnalog_PA6.0=GPIO_Analog
SH.SharedAnalog_PA6.1=ADC1_IN6,IN6
PE3.Locked=true
PB7.Signal=GPIO_Output
CAN3.IPParameters=CalculateTimeQuantum,CalculateTimeBit,CalculateBaudRate,Prescaler,BS1,BS2
SH.SharedAnalog_PA4.ConfNb=2
PB8.Locked=true
PF11.GPIOParameters=GPIO_Label
PH1/OSC_OUT.Mode=HSE-External-Oscillator
PE4.Signal=GPIO_Input
PE6.GPIOParameters=GPIO_Label
PB6.GPIOParameters=GPIO_Label
PB0.Locked=true
ProjectManager.ProjectName=Motorsteuergeraet
PD7.GPIO_Label=OELSTAND_TEMP
PB7.GPIO_Label=BLUE_LED
PD13.GPIO_Label=KLIMA_PWM
PA6.Signal=SharedAnalog_PA6
PA7.Locked=true
PG11.Locked=true
PD5.GPIO_Label=DEBUG_UART2TX
ProjectManager.ToolChainLocation=
PA2.GPIO_Label=HW_WAKE
PD14.Locked=true
RCC.LSI_VALUE=32000
PF5.GPIO_Label=BC_RESET_OUT
PA15.Signal=CAN3_TX
PF8.Signal=GPIO_Analog
PG0.GPIO_Label=DCDC_INSTRUCTION
PE0.GPIO_Label=HEATER1
PF5.Signal=GPIO_Output
Mcu.Pin95=PG12
Mcu.Pin96=PG13
PF4.Locked=true
Mcu.Pin93=PG10
Mcu.Pin94=PG11
SH.SharedAnalog_PA5.1=ADC1_IN5,IN5
Mcu.Pin99=PB3
PB5.GPIO_Label=CAN2_TX
Mcu.Pin97=PG14
SH.SharedAnalog_PA5.0=GPIO_Analog
Mcu.Pin98=PG15
PC4.Locked=true
Mcu.Pin91=PD7
Mcu.Pin92=PG9
PG11.GPIO_Label=PUMPE_BREMSE
PF0.Signal=GPIO_Input
PC5.Signal=SharedAnalog_PC5
PD3.GPIO_Label=LADELEUCHTE
Mcu.Pin90=PD6
PE7.Signal=GPIO_Output
PD6.Signal=USART2_RX
ADC1.Rank-6\#ChannelRegularConversion=7
PF3.GPIO_Label=BC_DOWN_OUT
ADC1.SamplingTime-8\#ChannelRegularConversion=ADC_SAMPLETIME_28CYCLES
PF15.GPIOParameters=GPIO_Label
PE2.GPIO_Label=DIGITAL1
PE12.Locked=true
Mcu.Pin84=PD0
Mcu.Pin85=PD1
PB15.Locked=true
Mcu.Pin82=PC11
PB3.Locked=true
PB4.Signal=GPIO_Output
PG2.GPIO_Label=BUZZER
Mcu.Pin83=PC12
PA3.Signal=SharedAnalog_PA3
Mcu.Pin88=PD4
Mcu.Pin89=PD5
Mcu.Pin86=PD2
PA2.Locked=true
Mcu.Pin87=PD3
RCC.PLLSourceVirtual=RCC_PLLSOURCE_HSE
RCC.I2SFreq_Value=96000000
PE8.GPIOParameters=GPIO_Label
PD15.GPIO_Label=RESERVE_OUT
PG7.Locked=true
PB8.GPIOParameters=GPIO_Label
PG7.Signal=GPIO_Input
RCC.UART7Freq_Value=54000000
PE14.GPIOParameters=GPIO_Label
PB9.GPIO_Label=I2C1_SDA
ADC1.Channel-4\#ChannelRegularConversion=ADC_CHANNEL_15
PC10.GPIO_Label=SD_D2
PC9.GPIO_Label=SD_D1
ProjectManager.NoMain=false
PG3.Signal=GPIO_Output
PG1.Signal=GPIO_Input
ADC1.Rank-8\#ChannelRegularConversion=9
PG1.Locked=true
PC11.Signal=GPIO_Analog
RCC.PLLRFreq_Value=216000000
PC8.Signal=GPIO_Analog
PC4.Signal=SharedAnalog_PC4
ProjectManager.DefaultFWLocation=true
PE14.GPIO_Label=SENSE_SDC_0
PD9.Signal=GPIO_Output
PD5.Signal=USART2_TX
SH.SharedAnalog_PB1.ConfNb=2
PB12.Locked=true
ProjectManager.DeletePrevious=true
PB10.Locked=true
PA12.GPIO_Label=RUECKWARNUNG
ADC1.SamplingTime-2\#ChannelRegularConversion=ADC_SAMPLETIME_28CYCLES
RCC.FamilyName=M
PE9.GPIOParameters=GPIO_Label
PE15.GPIOParameters=GPIO_Label
PD8.GPIO_Label=KL15
PB9.GPIOParameters=GPIO_Label
PD12.Locked=true
PG8.GPIO_Label=GRA4
PC8.GPIO_Label=SD_D0
PC12.GPIOParameters=GPIO_Label
PA13.Signal=SYS_JTMS-SWDIO
PE15.GPIO_Label=MOTOR_SDC_OUT
PF6.Signal=GPIO_Analog
PD12.GPIOParameters=GPIO_Label
ProjectManager.TargetToolchain=STM32CubeIDE
PB10.GPIO_Label=SENSE_SDC_BTB
PE7.GPIOParameters=GPIO_Label
PF6.Locked=true
PB7.GPIOParameters=GPIO_Label
PF15.Locked=true
PC5.GPIOParameters=GPIO_Label
PB2.GPIOParameters=GPIO_Label
ADC1.Channel-1\#ChannelRegularConversion=ADC_CHANNEL_6
PE4.Locked=true
PF2.Signal=GPIO_Output
PE2.GPIOParameters=GPIO_Label
PG10.GPIOParameters=GPIO_Label
ProjectManager.RegisterCallBack=
PE0.Locked=true
RCC.USBFreq_Value=216000000
PF5.GPIOParameters=GPIO_Label
PF9.GPIO_Label=SPI5_MOSI
PD10.GPIO_Label=BAMOCAR_IN2
RCC.PLLSAIoutputFreq_Value=96000000
PE11.Signal=GPIO_Input
RCC.LSE_VALUE=32768
PD3.Locked=true
PA1.Signal=GPIO_Input
CAN3.CalculateBaudRate=500000
PB1.Locked=true
RCC.VCOI2SOutputFreq_Value=192000000
PG9.GPIO_Label=WISCHWARNUNG
PG14.Signal=GPIO_Output
SH.SharedAnalog_PB1.0=GPIO_Analog
SH.SharedAnalog_PB1.1=ADC1_IN9,IN9
RCC.PLLSAIPCLKFreq_Value=96000000
board=custom
RCC.VCOOutputFreq_Value=432000000
PG1.GPIO_Label=DCCDC_FAULT
PF14.GPIOParameters=GPIO_Label
PD11.GPIOParameters=GPIO_Label
PH0/OSC_IN.Signal=RCC_OSC_IN
RCC.APB2Freq_Value=108000000
RCC.UART4Freq_Value=54000000
MxCube.Version=6.2.1
PG4.GPIOParameters=GPIO_Label
PC13.GPIOParameters=GPIO_Label
PD4.GPIO_Label=ASR_IN2
SH.SharedAnalog_PC5.0=GPIO_Analog
PA10.GPIOParameters=GPIO_Label
PD4.GPIOParameters=GPIO_Label
VP_SYS_VS_Systick.Mode=SysTick
PF15.GPIO_Label=DCDC_ENABLE
SH.SharedAnalog_PC5.1=ADC1_IN15,IN15
PF15.Signal=GPIO_Output
PF14.Locked=true
PD14.GPIO_Label=ANHAENGER
PA4.GPIOParameters=GPIO_Label
SH.SharedAnalog_PA6.ConfNb=2
PF0.Locked=true
PE5.Locked=true
PF1.Signal=GPIO_Input
PE6.Signal=GPIO_Input
RCC.UART5Freq_Value=54000000
PB15.GPIOParameters=GPIO_Label
ADC1.NbrOfConversion=10
RCC.IPParameters=AHBCLKDivider,AHBFreq_Value,APB1CLKDivider,APB1Freq_Value,APB1TimFreq_Value,APB2Freq_Value,APB2TimFreq_Value,CECFreq_Value,CortexFreq_Value,DFSDMAudioFreq_Value,DFSDMFreq_Value,EthernetFreq_Value,FCLKCortexFreq_Value,FamilyName,HCLKFreq_Value,HSE_VALUE,HSI_VALUE,I2C1Freq_Value,I2C2Freq_Value,I2C3Freq_Value,I2C4Freq_Value,I2SFreq_Value,LCDTFTFreq_Value,LPTIM1Freq_Value,LSE_VALUE,LSI_VALUE,MCO2PinFreq_Value,PLLCLKFreq_Value,PLLI2SPCLKFreq_Value,PLLI2SQCLKFreq_Value,PLLI2SRCLKFreq_Value,PLLI2SRoutputFreq_Value,PLLM,PLLN,PLLQCLKFreq_Value,PLLQoutputFreq_Value,PLLRFreq_Value,PLLSAIPCLKFreq_Value,PLLSAIQCLKFreq_Value,PLLSAIRCLKFreq_Value,PLLSAIoutputFreq_Value,PLLSourceVirtual,RNGFreq_Value,SAI1Freq_Value,SAI2Freq_Value,SDMMC2Freq_Value,SDMMCFreq_Value,SPDIFRXFreq_Value,SYSCLKFreq_VALUE,SYSCLKSource,UART4Freq_Value,UART5Freq_Value,UART7Freq_Value,UART8Freq_Value,USART1Freq_Value,USART2Freq_Value,USART3Freq_Value,USART6Freq_Value,USBFreq_Value,VCOI2SOutputFreq_Value,VCOInputFreq_Value,VCOOutputFreq_Value,VCOSAIOutputFreq_Value
PE11.Locked=true
ProjectManager.AskForMigrate=true
Mcu.Name=STM32F767ZITx
PE0.Signal=GPIO_Output
PE7.GPIO_Label=GLUEHKERZEN
PE12.Signal=GPIO_Input
PA2.Signal=GPIO_Input
PB2.Locked=true
ADC1.Channel-9\#ChannelRegularConversion=ADC_CHANNEL_9
PD14.Signal=GPIO_Output
Mcu.IP6=USART2
ProjectManager.CoupleFile=true
PB3.Signal=SYS_JTDO-SWO
RCC.SYSCLKFreq_VALUE=216000000
PA1.Locked=true
PA7.GPIO_Label=SENSE_PCB
ADC1.Rank-3\#ChannelRegularConversion=4
ADC1.SamplingTime-3\#ChannelRegularConversion=ADC_SAMPLETIME_28CYCLES
KeepUserPlacement=false
PG12.Locked=true
PC5.GPIO_Label=SENSE_DRUCK_TEMP
PA13.Locked=true
PA14.Signal=SYS_JTCK-SWCLK
PB2.GPIO_Label=RED_LED
PF6.GPIOParameters=GPIO_Label
PF13.GPIOParameters=GPIO_Label
PC6.GPIOParameters=GPIO_Label
PG12.GPIO_Label=BC_RESET_IN
RCC.HSI_VALUE=16000000
SH.SharedAnalog_PC4.1=ADC1_IN14,IN14
ADC1.Rank-7\#ChannelRegularConversion=8
SH.SharedAnalog_PC4.0=GPIO_Analog
ADC1.NbrOfConversionFlag=1
RCC.PLLM=25
RCC.PLLN=432
PB7.Locked=true
PB8.Signal=GPIO_Analog
PE3.GPIO_Label=ECO
PC8.Locked=true
PC9.Signal=GPIO_Analog
ADC1.SamplingTime-7\#ChannelRegularConversion=ADC_SAMPLETIME_56CYCLES
PD9.Locked=true
RCC.APB1Freq_Value=54000000
ADC1.ClockPrescaler=ADC_CLOCK_SYNC_PCLK_DIV4
PB11.Locked=true
ProjectManager.DeviceId=STM32F767ZITx
PB12.Signal=GPIO_Output
ProjectManager.LibraryCopy=1
PG11.GPIOParameters=GPIO_Label
PE1.GPIOParameters=GPIO_Label
PA3.GPIO_Label=SENSE_KL15
PB1.GPIOParameters=GPIO_Label
PA7.Signal=SharedAnalog_PA7
PF2.GPIO_Label=OELDRUCK
PA6.Locked=true
isbadioc=false
